
Microsoft Visual Studio Solution File, Format Version 12.00
# Visual Studio Version 16
VisualStudioVersion = 16.0.29519.87
MinimumVisualStudioVersion = 10.0.40219.1
Project("{FAE04EC0-301F-11D3-BF4B-00C04F79EFBC}") = "THREADINGG", "THREADINGG\THREADINGG.csproj", "{A5DE7A24-88E6-427F-B991-4C4A177AD032}"
EndProject
Global
	GlobalSection(SolutionConfigurationPlatforms) = preSolution
		Debug|Any CPU = Debug|Any CPU
		Release|Any CPU = Release|Any CPU
	EndGlobalSection
	GlobalSection(ProjectConfigurationPlatforms) = postSolution
		{A5DE7A24-88E6-427F-B991-4C4A177AD032}.Debug|Any CPU.ActiveCfg = Debug|Any CPU
		{A5DE7A24-88E6-427F-B991-4C4A177AD032}.Debug|Any CPU.Build.0 = Debug|Any CPU
		{A5DE7A24-88E6-427F-B991-4C4A177AD032}.Release|Any CPU.ActiveCfg = Release|Any CPU
		{A5DE7A24-88E6-427F-B991-4C4A177AD032}.Release|Any CPU.Build.0 = Release|Any CPU
	EndGlobalSection
	GlobalSection(SolutionProperties) = preSolution
		HideSolutionNode = FALSE
	EndGlobalSection
	GlobalSection(ExtensibilityGlobals) = postSolution
		SolutionGuid = {E88A5BCF-DD17-4A76-881A-D54A8D3E3E39}
	EndGlobalSection
EndGlobal
